lockfileVersion: '9.0'

settings:
  autoInstallPeers: true
  excludeLinksFromLockfile: false

overrides:
  '@pnpm/lockfile.fs': 1.0.0

importers:

  .:
    dependencies:
      '@pnpm/lockfile.fs':
        specifier: 1.0.0
        version: 1.0.0(@pnpm/logger@5.0.0)
      '@pnpm/lockfile.merger':
        specifier: 1.0.0
        version: 1.0.0

packages:

  '@pnpm/constants@8.0.0':
    resolution: {integrity: sha512-yQosGUvYPpAjb1jOFcdbwekRjZRVxN6C0hHzfRCZrMKbxGjt/E0g0RcFlEDNVZ95tm4oMMcr7nEPa7H7LX3emw==}
    engines: {node: '>=18.12'}

  '@pnpm/core-loggers@10.0.4':
    resolution: {integrity: sha512-0sa1oq8OelHFs1qTCv0fUVPYpQwRjkAb3miaXTwhXCUsePAy6kZ4wrn/aZA4bnxj0pIcaQnrSTWKcRjdrkqu3Q==}
    engines: {node: '>=18.12'}
    peerDependencies:
      '@pnpm/logger': ^5.0.0

  '@pnpm/crypto.base32-hash@3.0.0':
    resolution: {integrity: sha512-iGKP6rRKng5Tcad1+S+j3UoY5wVZN+z0ZgemlGp69jNgn6EaM4N0Q3mvnDNJ7UZFmL2ClXZZYLNuCk9pUYV3Xg==}
    engines: {node: '>=18.12'}

  '@pnpm/dependency-path@5.1.3':
    resolution: {integrity: sha512-d1gd9tXO4QRem2LMzvxVwt/6t7sNSK4DAJ6MQVLfXTqyIAvoAzRkSmFMNlqN1LQnNKIq7a/WXbJXDUObrYfkfA==}
    engines: {node: '>=18.12'}

  '@pnpm/error@6.0.1':
    resolution: {integrity: sha512-7yjO0RgmWYb4OKgcWC33yD4Z2CxE7Tm7vXX1SmS7GDifDT/bgZZhHeS2xq/+W6y9yhwIrRSA+7AlQL1NM2wIvw==}
    engines: {node: '>=18.12'}

  '@pnpm/fetch@8.0.4':
    resolution: {integrity: sha512-E79pTCQtnYtwJbPEru2JcPHRXAjrWcuJN6a/0r3/R1uZsx+ElJrU7WfNYEwyk2gANxq065/nq2lVp1/qx2aQ3A==}
    engines: {node: '>=18.12'}
    peerDependencies:
      '@pnpm/logger': ^5.0.0

  '@pnpm/fetching-types@6.0.0':
    resolution: {integrity: sha512-fnsaegb+0q7Ku6AyCmoVtBeCuO8ytB7YMEaGHC+0MGoRsxxa6EVLgi2H4abKr8LLslf5tHJBnOH24DjST3UNfQ==}
    engines: {node: '>=18.12'}

  '@pnpm/git-resolver@9.0.5':
    resolution: {integrity: sha512-d2IPuKwEWQTxr9AfPJrKUHf3bkKm//L3CcrgUs4vl9xGMLqV7uCtp/VKvzK3vNPN6RfCn7nKmjvyjvkNA1Z5vg==}
    engines: {node: '>=18.12'}

  '@pnpm/git-utils@2.0.0':
    resolution: {integrity: sha512-k1rv4Zvno/5zJAqE/Mh9V0ehlm14NsYwpXTdaGMtyhkoHvlSckRfr23OIOIM7Q/TRX+LhqyJ2kep50SY2TsZ+g==}
    engines: {node: '>=18.12'}

  '@pnpm/hosted-git-info@1.0.0':
    resolution: {integrity: sha512-QzmNiLShTnNyeTHr+cykG5hYjwph0+v49KHV36Dh8uA2rRMWw30qoZMARuxd00SYdoTwT8bIouqqmzi6TWfJHQ==}
    engines: {node: '>=10'}

  '@pnpm/lockfile.fs@1.0.0':
    resolution: {integrity: sha512-/FxR5EpV0e6c4SM0g0cTxk06YUS2YyrrmCFWMtBHxffSeBgjOkCE7AN1AFmiw81Cbdc5o6WTkatzWaJUQ6ReYg==}
    engines: {node: '>=18.12'}
    peerDependencies:
      '@pnpm/logger': ^5.0.0

  '@pnpm/lockfile.merger@1.0.0':
    resolution: {integrity: sha512-xE8R3On6fYWEardp3qdiRrH86NAR/uya2jsouQESTmn2GPb24ftE/+32d84IUZg4eCVlXalxre2QdEoAJjvliA==}
    engines: {node: '>=18.12'}

  '@pnpm/lockfile.types@1.0.0':
    resolution: {integrity: sha512-M54uOCqOTYarlTAGGq6BIMGPx/yOTam3WLLyEr6b7d696LoXtWbJsR8KjbG9QX7ijxGr3w/LgaZRP94YP0LCKA==}
    engines: {node: '>=18.12'}

  '@pnpm/lockfile.utils@1.0.0':
    resolution: {integrity: sha512-ueaAyoGwhj7qyoGhXQDXQ9eJC4563TsF0+38PTSJhlYRQKf+lZGdP/gcO8uoOyyA0gyx2bYsH3DkkWpHBNwW1w==}
    engines: {node: '>=18.12'}

  '@pnpm/logger@5.0.0':
    resolution: {integrity: sha512-YfcB2QrX+Wx1o6LD1G2Y2fhDhOix/bAY/oAnMpHoNLsKkWIRbt1oKLkIFvxBMzLwAEPqnYWguJrYC+J6i4ywbw==}
    engines: {node: '>=12.17'}

  '@pnpm/network.agent@2.0.0':
    resolution: {integrity: sha512-CqONDs5W6vaAdgQEHyFSr4vj25Pv8eVzwI+oUvId/FBHOcTCgHndLIJGON39JnyQS40+yT9kpEj21la3rcJK2w==}
    engines: {node: '>=18.12'}

  '@pnpm/network.config@2.0.0':
    resolution: {integrity: sha512-DpTQTz4KBUgR0NNo/+/WXFlE4dy4+vgINhR9Eb+qo/Kb9RzGbhTN0ypv3sRYa6YG4UO5ft47rvEtHJ9i6VBwzA==}
    engines: {node: '>=18.12'}

  '@pnpm/network.proxy-agent@2.0.0':
    resolution: {integrity: sha512-gCShibUggQS1vveAzr84PhDvwoChR4HrHHdvTB8CqXHQu12eoXO8R01awalZWERrHL3fDkUQcqLqCospm2O/QQ==}
    engines: {node: '>=18.12'}

  '@pnpm/node-fetch@1.0.0':
    resolution: {integrity: sha512-eYwrzhKUBGFdq78rJStGjaHTUHA2VH+Avr//CVx/T+EJkI7hnFmOy6YghvcB2clj8HpO4V8tXRNuFNfRX08ayw==}
    engines: {node: ^10.17 || >=12.3}

  '@pnpm/pick-fetcher@3.0.0':
    resolution: {integrity: sha512-2eisylRAU/jeuxFEPnS1gjLZKJGbYc4QEtEW6MVUYjO4Xi+2ttkSm7825S0J5IPpUIvln8HYPCUS0eQWSfpOaQ==}
    engines: {node: '>=18.12'}

  '@pnpm/ramda@0.28.1':
    resolution: {integrity: sha512-zcAG+lvU0fMziNeGXpPyCyCJYp5ZVrPElEE4t14jAmViaihohocZ+dDkcRIyAomox8pQsuZnv1EyHR+pOhmUWw==}

  '@pnpm/resolver-base@13.0.1':
    resolution: {integrity: sha512-WXWHDtVFAmwyBSOLYkYF1bJujDQyG6JYZGsVsy+/dTPiaT8pzebL7p4fchC/8wpZroH7lxJ1lInSKIg7T904/g==}
    engines: {node: '>=18.12'}

  '@pnpm/types@11.1.0':
    resolution: {integrity: sha512-wnlOhu7hjv9/qsf2cbK0YqpaV9c4LS69Utxd+r8hq/GWhyrOHcM1QOlfQb0Mzci0q4DDgB8VXT4dhBnEBL4c5g==}
    engines: {node: '>=18.12'}

  '@pnpm/util.lex-comparator@3.0.0':
    resolution: {integrity: sha512-ead+l3IiuVXwKDf/QJPX6G93cwhXki3yOVEA/VdAO7AhZ5vUuSBxHe6gQKEbB0QacJ4H5VsYxeM1xUgwjjOO/Q==}
    engines: {node: '>=18.12'}

  '@tootallnate/once@2.0.0':
    resolution: {integrity: sha512-XCuKFP5PS55gnMVu3dty8KPatLqUoy/ZYzDzAGCQ8JNFCkLXzmI7vNHCR+XpbZaMWQK/vQubr7PkYq8g470J/A==}
    engines: {node: '>= 10'}

  '@zkochan/js-yaml@0.0.7':
    resolution: {integrity: sha512-nrUSn7hzt7J6JWgWGz78ZYI8wj+gdIJdk0Ynjpp8l+trkn58Uqsf6RYrYkEK+3X18EX+TNdtJI0WxAtc+L84SQ==}
    hasBin: true

  '@zkochan/retry@0.2.0':
    resolution: {integrity: sha512-WhB+2B/ZPlW2Xy/kMJBrMbqecWXcbDDgn0K0wKBAgO2OlBTz1iLJrRWduo+DGGn0Akvz1Lu4Xvls7dJojximWw==}
    engines: {node: '>=10'}

  '@zkochan/rimraf@3.0.2':
    resolution: {integrity: sha512-GBf4ua7ogWTr7fATnzk/JLowZDBnBJMm8RkMaC/KcvxZ9gxbMWix0/jImd815LmqKyIHZ7h7lADRddGMdGBuCA==}
    engines: {node: '>=18.12'}

  '@zkochan/which@2.0.3':
    resolution: {integrity: sha512-C1ReN7vt2/2O0fyTsx5xnbQuxBrmG5NMSbcIkPKCCfCTJgpZBsuRYzFXHj3nVq8vTfK7vxHUmzfCpSHgO7j4rg==}
    engines: {node: '>= 8'}
    hasBin: true

  agent-base@6.0.2:
    resolution: {integrity: sha512-RZNwNclF7+MS/8bDg70amg32dyeZGZxiDuQmZxKLAlQjr3jGyLx+4Kkk58UO7D2QdgFIQCovuSuZESne6RG6XQ==}
    engines: {node: '>= 6.0.0'}

  agentkeepalive@4.2.1:
    resolution: {integrity: sha512-Zn4cw2NEqd+9fiSVWMscnjyQ1a8Yfoc5oBajLeo5w+YBHgDUcEBY2hS4YpTz6iN5f/2zQiktcuM6tS8x1p9dpA==}
    engines: {node: '>= 8.0.0'}

  argparse@2.0.1:
    resolution: {integrity: sha512-8+9WqebbFzpX9OR+Wa6O29asIogeRMzcGtAINdpMHHyAg10f05aSFVBbcEqGf/PXw1EjAZ+q2/bEBg3DvurK3Q==}

  bole@5.0.14:
    resolution: {integrity: sha512-IFDlSAH1GKiQEp4NUa2Eg8RplcV2oXOFCHD/nfNqVlRNf9RgNRdxtR2g3P+Cz57uP5jAGSrq2bGUqXLQeh/h4w==}

  comver-to-semver@1.0.0:
    resolution: {integrity: sha512-gcGtbRxjwROQOdXLUWH1fQAXqThUVRZ219aAwgtX3KfYw429/Zv6EIJRf5TBSzWdAGwePmqH7w70WTaX4MDqag==}
    engines: {node: '>=12.17'}

  cross-spawn@7.0.3:
    resolution: {integrity: sha512-iRDPJKUPVEND7dHPO8rkbOnPpyDygcDFtWjpeWNCgy8WP2rXcxXL8TskReQl6OrB2G7+UJrags1q15Fudc7G6w==}
    engines: {node: '>= 8'}

  data-uri-to-buffer@3.0.1:
    resolution: {integrity: sha512-WboRycPNsVw3B3TL559F7kuBUM4d8CgMEvk6xEJlOp7OBPjt6G7z8WMWlD2rOFZLk6OYfFIUGsCOWzcQH9K2og==}
    engines: {node: '>= 6'}

  debug@4.3.6:
    resolution: {integrity: sha512-O/09Bd4Z1fBrU4VzkhFqVgpPzaGbw6Sm9FEkBT1A/YBXQFGuuSxa1dN2nxgxS34JmKXqYx8CZAwEVoJFImUXIg==}
    engines: {node: '>=6.0'}
    peerDependencies:
      supports-color: '*'
    peerDependenciesMeta:
      supports-color:
        optional: true

  depd@1.1.2:
    resolution: {integrity: sha1-m81S4UwJd2PnSbJ0xDRu0uVgtak=}
    engines: {node: '>= 0.6'}

  execa@5.1.1:
    resolution: {integrity: sha512-8uSpZZocAZRBAPIEINJj3Lo9HyGitllczc27Eh5YYojjMFMn8yHMDMaUHE2Jqfq05D/wucwI4JGURyXt1vchyg==}
    engines: {node: '>=10'}

  fast-safe-stringify@2.1.1:
    resolution: {integrity: sha512-W+KJc2dmILlPplD/H4K9l9LcAHAfPtP6BY84uVLXQ6Evcz9Lcg33Y2z1IVblT6xdY54PXYVHEv+0Wpq8Io6zkA==}

  fetch-blob@2.1.2:
    resolution: {integrity: sha512-YKqtUDwqLyfyMnmbw8XD6Q8j9i/HggKtPEI+pZ1+8bvheBu78biSmNaXWusx1TauGqtUUGx/cBb1mKdq2rLYow==}
    engines: {node: ^10.17.0 || >=12.3.0}
    peerDependencies:
      domexception: '*'
    peerDependenciesMeta:
      domexception:
        optional: true

  get-npm-tarball-url@2.1.0:
    resolution: {integrity: sha512-ro+DiMu5DXgRBabqXupW38h7WPZ9+Ad8UjwhvsmmN8w1sU7ab0nzAXvVZ4kqYg57OrqomRtJvepX5/xvFKNtjA==}
    engines: {node: '>=12.17'}

  get-stream@6.0.1:
    resolution: {integrity: sha512-ts6Wi+2j3jQjqi70w5AlN8DFnkSwC+MqmxEzdEALB2qXZYV3X/b1CTfgPLGJNMeAWxdPfU8FO1ms3NUfaHCPYg==}
    engines: {node: '>=10'}

  graceful-git@4.0.0:
    resolution: {integrity: sha512-zK/rCH/I0DMKpPBLCElXGI7za3EnXeQFdiK6CTP02Tt1N1L+bMLghZY7cXozlx9M2bx4Q0zrY9ADYP3eI8haIw==}
    engines: {node: '>=18.12'}

  http-proxy-agent@5.0.0:
    resolution: {integrity: sha512-n2hY8YdoRE1i7r6M0w9DIw5GgZN0G25P8zLCRQ8rjXtTU3vsNFBI/vWK/UIeE6g5MUUz6avwAPXmL6Fy9D/90w==}
    engines: {node: '>= 6'}

  https-proxy-agent@5.0.1:
    resolution: {integrity: sha512-dFcAjpTQFgoLMzC2VwU+C/CbS7uRL0lWmxDITmqm7C+7F0Odmj6s9l6alZc6AELXhrnggM2CeWSXHGOdX2YtwA==}
    engines: {node: '>= 6'}

  human-signals@2.1.0:
    resolution: {integrity: sha512-B4FFZ6q/T2jhhksgkbEW3HBvWIfDW85snkQgawt07S7J5QXTk6BkNV+0yAeZrM5QpMAdYlocGoljn0sJ/WQkFw==}
    engines: {node: '>=10.17.0'}

  humanize-ms@1.2.1:
    resolution: {integrity: sha1-xG4xWaKT9riW2ikxbYtv6Lt5u+0=}

  imurmurhash@0.1.4:
    resolution: {integrity: sha1-khi5srkoojixPcT7a21XbyMUU+o=}
    engines: {node: '>=0.8.19'}

  individual@3.0.0:
    resolution: {integrity: sha1-58pPhfiVewGHNPKFdQ3CLsL5hi0=}

  inherits@2.0.4:
    resolution: {integrity: sha512-k/vGaX4/Yla3WzyMCvTQOXYeIHvqOKtnqBduzTHpzpQZzAskKMhZ2K+EnBiSM9zGSoIFeMpXKxa4dYeZIQqewQ==}

  ip-address@9.0.5:
    resolution: {integrity: sha512-zHtQzGojZXTwZTHQqra+ETKd4Sn3vgi7uBmlPoXVWZqYvuKmtI0l/VZTjqGmJY9x88GGOaZ9+G9ES8hC4T4X8g==}
    engines: {node: '>= 12'}

  is-plain-obj@2.1.0:
    resolution: {integrity: sha512-YWnfyRwxL/+SsrWYfOpUtz5b3YD+nyfkHvjbcanzk8zgyO4ASD67uVMRt8k5bM4lLMDnXfriRhOpemw+NfT1eA==}
    engines: {node: '>=8'}

  is-stream@2.0.1:
    resolution: {integrity: sha512-hFoiJiTl63nn+kstHGBtewWSKnQLpyb155KHheA1l39uvtO9nWIop1p3udqPcUd/xbF1VLMO4n7OI6p7RbngDg==}
    engines: {node: '>=8'}

  isexe@2.0.0:
    resolution: {integrity: sha1-6PvzdNxVb/iUehDcsFctYz8s+hA=}

  jsbn@1.1.0:
    resolution: {integrity: sha1-sBMHyym2GKHtJux56RH4A8TaAEA=}

  json-stringify-safe@5.0.1:
    resolution: {integrity: sha1-Epai1Y/UXxmg9s4B1lcB4sc1tus=}

  lru-cache@6.0.0:
    resolution: {integrity: sha512-Jo6dJ04CmSjuznwJSS3pUeWmd/H0ffTlkXXgwZi+eq1UCmqQwCh+eLsYOYCwY991i2Fah4h1BEMCx4qThGbsiA==}
    engines: {node: '>=10'}

  lru-cache@7.10.1:
    resolution: {integrity: sha512-BQuhQxPuRl79J5zSXRP+uNzPOyZw2oFI9JLRQ80XswSvg21KMKNtQza9eF42rfI/3Z40RvzBdXgziEkudzjo8A==}
    engines: {node: '>=12'}

  merge-stream@2.0.0:
    resolution: {integrity: sha512-abv/qOcuPfk3URPfDzmZU1LKmuw8kT+0nIHvKrKgFrwifol/doWcdA4ZqsWQ8ENrFKkd67Mfpo/LovbIUsbt3w==}

  mimic-fn@2.1.0:
    resolution: {integrity: sha512-OqbOk5oEQeAZ8WXWydlu9HJjz9WVdEIvamMCcXmuqUYjTknH/sqsWvhQ3vgwKFRR1HpjvNBKQ37nbJgYzGqGcg==}
    engines: {node: '>=6'}

  minimist@1.2.8:
    resolution: {integrity: sha512-2yyAR8qBkN3YuheJanUpWC5U3bb5osDywNB8RzDVlDwDHbocAJveqqj1u8+SVD7jkWT4yvsHCpWqqWqAxb0zCA==}

  ms@2.1.2:
    resolution: {integrity: sha512-sGkPx+VjMtmA6MX27oA4FBFELFCZZ4S4XqeGOXCv68tT+jb3vk/RyaKWP0PTKyWtmLSM0b+adUTEvbs1PEaH2w==}

  ms@2.1.3:
    resolution: {integrity: sha512-6FlzubTLZG3J2a/NVCAleEhjzq5oxgHyaCU9yYXvcLsvoVaHJq/s5xXI6/XXP6tz7R9xAOtHnSO/tXtF3WRTlA==}

  ndjson@2.0.0:
    resolution: {integrity: sha512-nGl7LRGrzugTtaFcJMhLbpzJM6XdivmbkdlaGcrk/LXg2KL/YBC6z1g70xh0/al+oFuVFP8N8kiWRucmeEH/qQ==}
    engines: {node: '>=10'}
    hasBin: true

  nerf-dart@1.0.0:
    resolution: {integrity: sha1-5tq3/r9a2Bbqgc9cYpxaDr3nLBo=}

  normalize-path@3.0.0:
    resolution: {integrity: sha512-6eZs5Ls3WtCisHWp9S2GUy8dqkpGi4BVSz3GaqiE6ezub0512ESztXUwUB6C6IKbQkY2Pnb/mD4WYojCRwcwLA==}
    engines: {node: '>=0.10.0'}

  npm-run-path@4.0.1:
    resolution: {integrity: sha512-S48WzZW777zhNIrn7gxOlISNAqi9ZC/uQFnRdbeIHhZhCA6UqpkOT8T1G7BvfdgP4Er8gF4sUbaS0i7QvIfCWw==}
    engines: {node: '>=8'}

  onetime@5.1.2:
    resolution: {integrity: sha512-kbpaSSGJTWdAY5KPVeMOKXSrPtr8C8C7wodJbcsd51jRnmD+GZu8Y0VoU6Dm5Z4vWr0Ig/1NKuWRKf7j5aaYSg==}
    engines: {node: '>=6'}

  path-key@3.1.1:
    resolution: {integrity: sha512-ojmeN0qd+y0jszEtoY48r0Peq5dwMEkIlCOu6Q5f41lfkswXuKtYrhgoTpLnyIcHm24Uhqx+5Tqm2InSwLhE6Q==}
    engines: {node: '>=8'}

  path-name@1.0.0:
    resolution: {integrity: sha1-jKBjpj3nmC36lXYO2v/RAhRJTyQ=}

  readable-stream@3.6.2:
    resolution: {integrity: sha512-9u/sniCrY3D5WdsERHzHE4G2YCXqoG5FTHUiCC4SIbr6XcLZBY05ya9EKjYek9O5xOAwjGq+1JdGBAS7Q9ScoA==}
    engines: {node: '>= 6'}

  retry@0.13.1:
    resolution: {integrity: sha512-XQBQ3I8W1Cge0Seh+6gjj03LbmRFWuoszgK9ooCpwYIrhhoO80pfq4cUkU5DkknwfOfFteRwlZ56PYOGYyFWdg==}
    engines: {node: '>= 4'}

  rfc4648@1.5.3:
    resolution: {integrity: sha512-MjOWxM065+WswwnmNONOT+bD1nXzY9Km6u3kzvnx8F8/HXGZdz3T6e6vZJ8Q/RIMUSp/nxqjH3GwvJDy8ijeQQ==}

  safe-buffer@5.2.1:
    resolution: {integrity: sha512-rp3So07KcdmmKbGvgaNxQSJr7bGVSVk5S9Eq1F+ppbRo70+YeaDxkw5Dd8NPN+GD6bjnYm2VuPuCXmpuYvmCXQ==}

  safe-execa@0.1.2:
    resolution: {integrity: sha512-vdTshSQ2JsRCgT8eKZWNJIL26C6bVqy1SOmuCMlKHegVeo8KYRobRrefOdUq9OozSPUUiSxrylteeRmLOMFfWg==}
    engines: {node: '>=12'}

  safe-execa@0.1.4:
    resolution: {integrity: sha512-GI3k4zl4aLC3lxZNEEXAxxcXE6E3TfOsJ5xxJPhcAv9MWwnH2O9I0HrDmZFsVnu/C8wzRYSsTHdoVRmL0VicDw==}
    engines: {node: '>=12'}

  semver@7.6.3:
    resolution: {integrity: sha512-oVekP1cKtI+CTDvHWYFUcMtsK/00wmAEfyqKfNdARm8u1wNVhSgaX7A8d4UuIlUI5e84iEwOhs7ZPYRmzU9U6A==}
    engines: {node: '>=10'}
    hasBin: true

  shebang-command@2.0.0:
    resolution: {integrity: sha512-kHxr2zZpYtdmrN1qDjrrX/Z1rR1kG8Dx+gkpK1G4eXmvXswmcE1hTWBWYUzlraYw1/yZp6YuDY77YtvbN0dmDA==}
    engines: {node: '>=8'}

  shebang-regex@3.0.0:
    resolution: {integrity: sha512-7++dFhtcx3353uBaq8DDR4NuxBetBzC7ZQOhmTQInHEd6bSrXdiEyzCvG07Z44UYdLShWUyXt5M/yhz8ekcb1A==}
    engines: {node: '>=8'}

  signal-exit@3.0.7:
    resolution: {integrity: sha512-wnD2ZE+l+SPC/uoS0vXeE9L1+0wuaMqKlfz9AMUo38JsyLSBWSFcHR1Rri62LZc12vLr1gb3jl7iwQhgwpAbGQ==}

  signal-exit@4.1.0:
    resolution: {integrity: sha512-bzyZ1e88w9O1iNJbKnOlvYTrWPDl46O1bG0D3XInv+9tkPrxrN8jUUTiFlDkkmKWgn1M6CfIA13SuGqOa9Korw==}
    engines: {node: '>=14'}

  smart-buffer@4.2.0:
    resolution: {integrity: sha512-94hK0Hh8rPqQl2xXc3HsaBoOXKV20MToPkcXvwbISWLEs+64sBq5kFgn2kJDHb1Pry9yrP0dxrCI9RRci7RXKg==}
    engines: {node: '>= 6.0.0', npm: '>= 3.0.0'}

  socks-proxy-agent@6.1.1:
    resolution: {integrity: sha512-t8J0kG3csjA4g6FTbsMOWws+7R7vuRC8aQ/wy3/1OWmsgwA68zs/+cExQ0koSitUDXqhufF/YJr9wtNMZHw5Ew==}
    engines: {node: '>= 10'}

  socks@2.8.3:
    resolution: {integrity: sha512-l5x7VUUWbjVFbafGLxPWkYsHIhEvmF85tbIeFZWc8ZPtoMyybuEhL7Jye/ooC4/d48FgOjSJXgsF/AJPYCW8Zw==}
    engines: {node: '>= 10.0.0', npm: '>= 3.0.0'}

  sort-keys@4.2.0:
    resolution: {integrity: sha512-aUYIEU/UviqPgc8mHR6IW1EGxkAXpeRETYcrzg8cLAvUPZcpAlleSXHV2mY7G12GphSH6Gzv+4MMVSSkbdteHg==}
    engines: {node: '>=8'}

  split2@3.2.2:
    resolution: {integrity: sha512-9NThjpgZnifTkJpzTZ7Eue85S49QwpNhZTq6GRJwObb6jnLFNGB7Qm73V5HewTROPyxD0C29xqmaI68bQtV+hg==}

  sprintf-js@1.1.3:
    resolution: {integrity: sha512-Oo+0REFV59/rz3gfJNKQiBlwfHaSESl1pcGyABQsnnIfWOFt6JNj5gCog2U6MLZ//IGYD+nA8nI+mTShREReaA==}

  string_decoder@1.3.0:
    resolution: {integrity: sha512-hkRX8U1WjJFd8LsDJ2yQ/wWWxaopEsABU1XfkM8A+j0+85JAGppt16cr1Whg6KIbb4okU6Mql6BOj+uup/wKeA==}

  strip-bom@4.0.0:
    resolution: {integrity: sha512-3xurFv5tEgii33Zi8Jtp55wEIILR9eh34FAW00PZf+JnSsTmV/ioewSgQl97JHvgjoRGwPShsWm+IdrxB35d0w==}
    engines: {node: '>=8'}

  strip-final-newline@2.0.0:
    resolution: {integrity: sha512-BrpvfNAE3dcvq7ll3xVumzjKjZQ5tI1sEUIKr3Uoks0XUl45St3FlatVqef9prk4jRDzhW6WZg+3bk93y6pLjA==}
    engines: {node: '>=6'}

  through2@4.0.2:
    resolution: {integrity: sha512-iOqSav00cVxEEICeD7TjLB1sueEL+81Wpzp2bY17uZjZN0pWZPuo4suZ/61VujxmqSGFfgOcNuTZ85QJwNZQpw==}

  util-deprecate@1.0.2:
    resolution: {integrity: sha1-RQ1Nyfpw3nMnYvvS1KKJgUGaDM8=}

  which@2.0.2:
    resolution: {integrity: sha512-BLI3Tl1TW3Pvl70l3yq3Y64i+awpwXqsGBYWkkqMtnbXgrMD+yj7rhW0kuEDxzJaYXGjEW5ogapKNMEKNMjibA==}
    engines: {node: '>= 8'}
    hasBin: true

  write-file-atomic@5.0.1:
    resolution: {integrity: sha512-+QU2zd6OTD8XWIJCbffaiQeH9U73qIqafo1x6V1snCWYGJf6cVE0cDR4D8xRzcEnfI21IFrUPzPGtcPf8AC+Rw==}
    engines: {node: ^14.17.0 || ^16.13.0 || >=18.0.0}

  yallist@4.0.0:
    resolution: {integrity: sha512-3wdGidZyq5PB084XLES5TpOSRA3wjXAlIWMhum2kRcv/41Sn2emQ0dycQW4uZXLejwKvg6EsvbdlVL+FYEct7A==}

snapshots:

  '@pnpm/constants@8.0.0': {}

  '@pnpm/core-loggers@10.0.4(@pnpm/logger@5.0.0)':
    dependencies:
      '@pnpm/logger': 5.0.0
      '@pnpm/types': 11.1.0

  '@pnpm/crypto.base32-hash@3.0.0':
    dependencies:
      rfc4648: 1.5.3

  '@pnpm/dependency-path@5.1.3':
    dependencies:
      '@pnpm/crypto.base32-hash': 3.0.0
      '@pnpm/types': 11.1.0
      semver: 7.6.3

  '@pnpm/error@6.0.1':
    dependencies:
      '@pnpm/constants': 8.0.0

  '@pnpm/fetch@8.0.4(@pnpm/logger@5.0.0)':
    dependencies:
      '@pnpm/core-loggers': 10.0.4(@pnpm/logger@5.0.0)
      '@pnpm/fetching-types': 6.0.0
      '@pnpm/logger': 5.0.0
      '@pnpm/network.agent': 2.0.0
      '@pnpm/types': 11.1.0
      '@zkochan/retry': 0.2.0
      node-fetch: '@pnpm/node-fetch@1.0.0'
    transitivePeerDependencies:
      - domexception
      - supports-color

  '@pnpm/fetching-types@6.0.0':
    dependencies:
      '@zkochan/retry': 0.2.0
      node-fetch: '@pnpm/node-fetch@1.0.0'
    transitivePeerDependencies:
      - domexception

  '@pnpm/git-resolver@9.0.5(@pnpm/logger@5.0.0)':
    dependencies:
      '@pnpm/fetch': 8.0.4(@pnpm/logger@5.0.0)
      '@pnpm/resolver-base': 13.0.1
      graceful-git: 4.0.0
      hosted-git-info: '@pnpm/hosted-git-info@1.0.0'
      semver: 7.6.3
    transitivePeerDependencies:
      - '@pnpm/logger'
      - domexception
      - supports-color

  '@pnpm/git-utils@2.0.0':
    dependencies:
      execa: safe-execa@0.1.2

  '@pnpm/hosted-git-info@1.0.0':
    dependencies:
      lru-cache: 6.0.0

  '@pnpm/lockfile.fs@1.0.0(@pnpm/logger@5.0.0)':
    dependencies:
      '@pnpm/constants': 8.0.0
      '@pnpm/dependency-path': 5.1.3
      '@pnpm/error': 6.0.1
      '@pnpm/git-resolver': 9.0.5(@pnpm/logger@5.0.0)
      '@pnpm/git-utils': 2.0.0
      '@pnpm/lockfile.merger': 1.0.0
      '@pnpm/lockfile.types': 1.0.0
      '@pnpm/lockfile.utils': 1.0.0
      '@pnpm/logger': 5.0.0
      '@pnpm/types': 11.1.0
      '@pnpm/util.lex-comparator': 3.0.0
      '@zkochan/rimraf': 3.0.2
      comver-to-semver: 1.0.0
      js-yaml: '@zkochan/js-yaml@0.0.7'
      normalize-path: 3.0.0
      ramda: '@pnpm/ramda@0.28.1'
      semver: 7.6.3
      sort-keys: 4.2.0
      strip-bom: 4.0.0
      write-file-atomic: 5.0.1
    transitivePeerDependencies:
      - domexception
      - supports-color

  '@pnpm/lockfile.merger@1.0.0':
    dependencies:
      '@pnpm/lockfile.types': 1.0.0
      '@pnpm/types': 11.1.0
      comver-to-semver: 1.0.0
      ramda: '@pnpm/ramda@0.28.1'
      semver: 7.6.3

  '@pnpm/lockfile.types@1.0.0':
    dependencies:
      '@pnpm/types': 11.1.0

  '@pnpm/lockfile.utils@1.0.0':
    dependencies:
      '@pnpm/dependency-path': 5.1.3
      '@pnpm/lockfile.types': 1.0.0
      '@pnpm/pick-fetcher': 3.0.0
      '@pnpm/resolver-base': 13.0.1
      '@pnpm/types': 11.1.0
      get-npm-tarball-url: 2.1.0
      ramda: '@pnpm/ramda@0.28.1'

  '@pnpm/logger@5.0.0':
    dependencies:
      bole: 5.0.14
      ndjson: 2.0.0

  '@pnpm/network.agent@2.0.0':
    dependencies:
      '@pnpm/network.config': 2.0.0
      '@pnpm/network.proxy-agent': 2.0.0
      agentkeepalive: 4.2.1
      lru-cache: 7.10.1
    transitivePeerDependencies:
      - supports-color

  '@pnpm/network.config@2.0.0':
    dependencies:
      nerf-dart: 1.0.0

  '@pnpm/network.proxy-agent@2.0.0':
    dependencies:
      '@pnpm/error': 6.0.1
      http-proxy-agent: 5.0.0
      https-proxy-agent: 5.0.1
      lru-cache: 7.10.1
      socks-proxy-agent: 6.1.1
    transitivePeerDependencies:
      - supports-color

  '@pnpm/node-fetch@1.0.0':
    dependencies:
      data-uri-to-buffer: 3.0.1
      fetch-blob: 2.1.2
    transitivePeerDependencies:
      - domexception

  '@pnpm/pick-fetcher@3.0.0': {}

  '@pnpm/ramda@0.28.1': {}

  '@pnpm/resolver-base@13.0.1':
    dependencies:
      '@pnpm/types': 11.1.0

  '@pnpm/types@11.1.0': {}

  '@pnpm/util.lex-comparator@3.0.0': {}

  '@tootallnate/once@2.0.0': {}

  '@zkochan/js-yaml@0.0.7':
    dependencies:
      argparse: 2.0.1

  '@zkochan/retry@0.2.0': {}

  '@zkochan/rimraf@3.0.2': {}

  '@zkochan/which@2.0.3':
    dependencies:
      isexe: 2.0.0

  agent-base@6.0.2:
    dependencies:
      debug: 4.3.6
    transitivePeerDependencies:
      - supports-color

  agentkeepalive@4.2.1:
    dependencies:
      debug: 4.3.6
      depd: 1.1.2
      humanize-ms: 1.2.1
    transitivePeerDependencies:
      - supports-color

  argparse@2.0.1: {}

  bole@5.0.14:
    dependencies:
      fast-safe-stringify: 2.1.1
      individual: 3.0.0

  comver-to-semver@1.0.0: {}

  cross-spawn@7.0.3:
    dependencies:
      path-key: 3.1.1
      shebang-command: 2.0.0
      which: 2.0.2

  data-uri-to-buffer@3.0.1: {}

  debug@4.3.6:
    dependencies:
      ms: 2.1.2

  depd@1.1.2: {}

  execa@5.1.1:
    dependencies:
      cross-spawn: 7.0.3
      get-stream: 6.0.1
      human-signals: 2.1.0
      is-stream: 2.0.1
      merge-stream: 2.0.0
      npm-run-path: 4.0.1
      onetime: 5.1.2
      signal-exit: 3.0.7
      strip-final-newline: 2.0.0

  fast-safe-stringify@2.1.1: {}

  fetch-blob@2.1.2: {}

  get-npm-tarball-url@2.1.0: {}

  get-stream@6.0.1: {}

  graceful-git@4.0.0:
    dependencies:
      retry: 0.13.1
      safe-execa: 0.1.4

  http-proxy-agent@5.0.0:
    dependencies:
      '@tootallnate/once': 2.0.0
      agent-base: 6.0.2
      debug: 4.3.6
    transitivePeerDependencies:
      - supports-color

  https-proxy-agent@5.0.1:
    dependencies:
      agent-base: 6.0.2
      debug: 4.3.6
    transitivePeerDependencies:
      - supports-color

  human-signals@2.1.0: {}

  humanize-ms@1.2.1:
    dependencies:
      ms: 2.1.3

  imurmurhash@0.1.4: {}

  individual@3.0.0: {}

  inherits@2.0.4: {}

  ip-address@9.0.5:
    dependencies:
      jsbn: 1.1.0
      sprintf-js: 1.1.3

  is-plain-obj@2.1.0: {}

  is-stream@2.0.1: {}

  isexe@2.0.0: {}

  jsbn@1.1.0: {}

  json-stringify-safe@5.0.1: {}

  lru-cache@6.0.0:
    dependencies:
      yallist: 4.0.0

  lru-cache@7.10.1: {}

  merge-stream@2.0.0: {}

  mimic-fn@2.1.0: {}

  minimist@1.2.8: {}

  ms@2.1.2: {}

  ms@2.1.3: {}

  ndjson@2.0.0:
    dependencies:
      json-stringify-safe: 5.0.1
      minimist: 1.2.8
      readable-stream: 3.6.2
      split2: 3.2.2
      through2: 4.0.2

  nerf-dart@1.0.0: {}

  normalize-path@3.0.0: {}

  npm-run-path@4.0.1:
    dependencies:
      path-key: 3.1.1

  onetime@5.1.2:
    dependencies:
      mimic-fn: 2.1.0

  path-key@3.1.1: {}

  path-name@1.0.0: {}

  readable-stream@3.6.2:
    dependencies:
      inherits: 2.0.4
      string_decoder: 1.3.0
      util-deprecate: 1.0.2

  retry@0.13.1: {}

  rfc4648@1.5.3: {}

  safe-buffer@5.2.1: {}

  safe-execa@0.1.2:
    dependencies:
      '@zkochan/which': 2.0.3
      execa: 5.1.1
      path-name: 1.0.0

  safe-execa@0.1.4:
    dependencies:
      '@zkochan/which': 2.0.3
      execa: 5.1.1
      path-name: 1.0.0

  semver@7.6.3: {}

  shebang-command@2.0.0:
    dependencies:
      shebang-regex: 3.0.0

  shebang-regex@3.0.0: {}

  signal-exit@3.0.7: {}

  signal-exit@4.1.0: {}

  smart-buffer@4.2.0: {}

  socks-proxy-agent@6.1.1:
    dependencies:
      agent-base: 6.0.2
      debug: 4.3.6
      socks: 2.8.3
    transitivePeerDependencies:
      - supports-color

  socks@2.8.3:
    dependencies:
      ip-address: 9.0.5
      smart-buffer: 4.2.0

  sort-keys@4.2.0:
    dependencies:
      is-plain-obj: 2.1.0

  split2@3.2.2:
    dependencies:
      readable-stream: 3.6.2

  sprintf-js@1.1.3: {}

  string_decoder@1.3.0:
    dependencies:
      safe-buffer: 5.2.1

  strip-bom@4.0.0: {}

  strip-final-newline@2.0.0: {}

  through2@4.0.2:
    dependencies:
      readable-stream: 3.6.2

  util-deprecate@1.0.2: {}

  which@2.0.2:
    dependencies:
      isexe: 2.0.0

  write-file-atomic@5.0.1:
    dependencies:
      imurmurhash: 0.1.4
      signal-exit: 4.1.0

  yallist@4.0.0: {}
